
Microsoft Visual Studio Solution File, Format Version 12.00
# Visual Studio 14
VisualStudioVersion = 14.0.25420.1
MinimumVisualStudioVersion = 10.0.40219.1
Project("{FAE04EC0-301F-11D3-BF4B-00C04F79EFBC}") = "BKTL", "BKTL\BKTL.csproj", "{CD102F88-6B01-439B-AFC8-44BB7FFCBAA5}"
EndProject
Global
	GlobalSection(SolutionConfigurationPlatforms) = preSolution
		Debug|Any CPU = Debug|Any CPU
		Release|Any CPU = Release|Any CPU
	EndGlobalSection
	GlobalSection(ProjectConfigurationPlatforms) = postSolution
		{CD102F88-6B01-439B-AFC8-44BB7FFCBAA5}.Debug|Any CPU.ActiveCfg = Debug|Any CPU
		{CD102F88-6B01-439B-AFC8-44BB7FFCBAA5}.Debug|Any CPU.Build.0 = Debug|Any CPU
		{CD102F88-6B01-439B-AFC8-44BB7FFCBAA5}.Release|Any CPU.ActiveCfg = Release|Any CPU
		{CD102F88-6B01-439B-AFC8-44BB7FFCBAA5}.Release|Any CPU.Build.0 = Release|Any CPU
	EndGlobalSection
	GlobalSection(SolutionProperties) = preSolution
		HideSolutionNode = FALSE
	EndGlobalSection
EndGlobal
